
Microsoft Visual Studio Solution File, Format Version 12.00
# Visual Studio 15
VisualStudioVersion = 15.0.27703.2042
MinimumVisualStudioVersion = 10.0.40219.1
Project("{FAE04EC0-301F-11D3-BF4B-00C04F79EFBC}") = "FA-MR", "FA-MR\FA-MR.csproj", "{A16F4567-3320-4EC8-BCC9-F56ABB372F10}"
EndProject
Project("{FAE04EC0-301F-11D3-BF4B-00C04F79EFBC}") = "Library", "Library\Library.csproj", "{17917030-F7B1-4CCC-93D1-032DEC0644C4}"
EndProject
Project("{FAE04EC0-301F-11D3-BF4B-00C04F79EFBC}") = "GlobalObject", "GlobalObject\GlobalObject.csproj", "{41DA5E36-ACAB-4431-A076-59227F18D3FB}"
EndProject
Global
	GlobalSection(SolutionConfigurationPlatforms) = preSolution
		Debug|Any CPU = Debug|Any CPU
		Release|Any CPU = Release|Any CPU
	EndGlobalSection
	GlobalSection(ProjectConfigurationPlatforms) = postSolution
		{A16F4567-3320-4EC8-BCC9-F56ABB372F10}.Debug|Any CPU.ActiveCfg = Debug|Any CPU
		{A16F4567-3320-4EC8-BCC9-F56ABB372F10}.Debug|Any CPU.Build.0 = Debug|Any CPU
		{A16F4567-3320-4EC8-BCC9-F56ABB372F10}.Release|Any CPU.ActiveCfg = Release|Any CPU
		{A16F4567-3320-4EC8-BCC9-F56ABB372F10}.Release|Any CPU.Build.0 = Release|Any CPU
		{17917030-F7B1-4CCC-93D1-032DEC0644C4}.Debug|Any CPU.ActiveCfg = Debug|Any CPU
		{17917030-F7B1-4CCC-93D1-032DEC0644C4}.Debug|Any CPU.Build.0 = Debug|Any CPU
		{17917030-F7B1-4CCC-93D1-032DEC0644C4}.Release|Any CPU.ActiveCfg = Release|Any CPU
		{17917030-F7B1-4CCC-93D1-032DEC0644C4}.Release|Any CPU.Build.0 = Release|Any CPU
		{41DA5E36-ACAB-4431-A076-59227F18D3FB}.Debug|Any CPU.ActiveCfg = Debug|Any CPU
		{41DA5E36-ACAB-4431-A076-59227F18D3FB}.Debug|Any CPU.Build.0 = Debug|Any CPU
		{41DA5E36-ACAB-4431-A076-59227F18D3FB}.Release|Any CPU.ActiveCfg = Release|Any CPU
		{41DA5E36-ACAB-4431-A076-59227F18D3FB}.Release|Any CPU.Build.0 = Release|Any CPU
	EndGlobalSection
	GlobalSection(SolutionProperties) = preSolution
		HideSolutionNode = FALSE
	EndGlobalSection
	GlobalSection(ExtensibilityGlobals) = postSolution
		SolutionGuid = {20369B1F-2889-4404-BB7E-0CD1098AC21D}
	EndGlobalSection
EndGlobal
